
Microsoft Visual Studio Solution File, Format Version 12.00
# Visual Studio Version 16
VisualStudioVersion = 16.0.30717.126
MinimumVisualStudioVersion = 10.0.40219.1
Project("{9A19103F-16F7-4668-BE54-9A1E7A4F7556}") = "SimpleAccount.Api", "SimpleAccount.Api\SimpleAccount.Api.csproj", "{6C7DBABF-89F7-4375-84FC-EC2608DCA079}"
EndProject
Project("{FAE04EC0-301F-11D3-BF4B-00C04F79EFBC}") = "SimpleAccount", "SimpleAccount\SimpleAccount.csproj", "{0B37D9BE-B080-444B-92F4-B2ACDC1BD6CC}"
EndProject
Project("{FAE04EC0-301F-11D3-BF4B-00C04F79EFBC}") = "SimpleAccount.Utilities", "SimpleAccount.Utilities\SimpleAccount.Utilities.csproj", "{1BE0AEDE-4492-439F-B503-9CB0D2469973}"
EndProject
Global
	GlobalSection(SolutionConfigurationPlatforms) = preSolution
		Debug|Any CPU = Debug|Any CPU
		Release|Any CPU = Release|Any CPU
	EndGlobalSection
	GlobalSection(ProjectConfigurationPlatforms) = postSolution
		{6C7DBABF-89F7-4375-84FC-EC2608DCA079}.Debug|Any CPU.ActiveCfg = Debug|Any CPU
		{6C7DBABF-89F7-4375-84FC-EC2608DCA079}.Debug|Any CPU.Build.0 = Debug|Any CPU
		{6C7DBABF-89F7-4375-84FC-EC2608DCA079}.Release|Any CPU.ActiveCfg = Release|Any CPU
		{6C7DBABF-89F7-4375-84FC-EC2608DCA079}.Release|Any CPU.Build.0 = Release|Any CPU
		{0B37D9BE-B080-444B-92F4-B2ACDC1BD6CC}.Debug|Any CPU.ActiveCfg = Debug|Any CPU
		{0B37D9BE-B080-444B-92F4-B2ACDC1BD6CC}.Debug|Any CPU.Build.0 = Debug|Any CPU
		{0B37D9BE-B080-444B-92F4-B2ACDC1BD6CC}.Release|Any CPU.ActiveCfg = Release|Any CPU
		{0B37D9BE-B080-444B-92F4-B2ACDC1BD6CC}.Release|Any CPU.Build.0 = Release|Any CPU
		{1BE0AEDE-4492-439F-B503-9CB0D2469973}.Debug|Any CPU.ActiveCfg = Debug|Any CPU
		{1BE0AEDE-4492-439F-B503-9CB0D2469973}.Debug|Any CPU.Build.0 = Debug|Any CPU
		{1BE0AEDE-4492-439F-B503-9CB0D2469973}.Release|Any CPU.ActiveCfg = Release|Any CPU
		{1BE0AEDE-4492-439F-B503-9CB0D2469973}.Release|Any CPU.Build.0 = Release|Any CPU
	EndGlobalSection
	GlobalSection(SolutionProperties) = preSolution
		HideSolutionNode = FALSE
	EndGlobalSection
	GlobalSection(ExtensibilityGlobals) = postSolution
		SolutionGuid = {DE9D5BC4-9AF4-4267-8143-EBB20FCB4BCC}
	EndGlobalSection
EndGlobal
